
Microsoft Visual Studio Solution File, Format Version 11.00
# Visual Studio 2010
Project("{FAE04EC0-301F-11D3-BF4B-00C04F79EFBC}") = "Grades.cs", "Grades.cs\Grades.cs.csproj", "{F79A8EB0-2DE5-4F0E-B818-6CD60CB46351}"
EndProject
Global
	GlobalSection(SolutionConfigurationPlatforms) = preSolution
		Debug|x86 = Debug|x86
		Release|x86 = Release|x86
	EndGlobalSection
	GlobalSection(ProjectConfigurationPlatforms) = postSolution
		{F79A8EB0-2DE5-4F0E-B818-6CD60CB46351}.Debug|x86.ActiveCfg = Debug|x86
		{F79A8EB0-2DE5-4F0E-B818-6CD60CB46351}.Debug|x86.Build.0 = Debug|x86
		{F79A8EB0-2DE5-4F0E-B818-6CD60CB46351}.Release|x86.ActiveCfg = Release|x86
		{F79A8EB0-2DE5-4F0E-B818-6CD60CB46351}.Release|x86.Build.0 = Release|x86
	EndGlobalSection
	GlobalSection(SolutionProperties) = preSolution
		HideSolutionNode = FALSE
	EndGlobalSection
EndGlobal
