
Microsoft Visual Studio Solution File, Format Version 11.00
# Visual Studio 2010
Project("{FAE04EC0-301F-11D3-BF4B-00C04F79EFBC}") = "EmployeeExceptionDemo.cs", "EmployeeExceptionDemo.cs\EmployeeExceptionDemo.cs.csproj", "{3E05A516-9714-49D1-B2E8-242C586E8E58}"
EndProject
Global
	GlobalSection(SolutionConfigurationPlatforms) = preSolution
		Debug|x86 = Debug|x86
		Release|x86 = Release|x86
	EndGlobalSection
	GlobalSection(ProjectConfigurationPlatforms) = postSolution
		{3E05A516-9714-49D1-B2E8-242C586E8E58}.Debug|x86.ActiveCfg = Debug|x86
		{3E05A516-9714-49D1-B2E8-242C586E8E58}.Debug|x86.Build.0 = Debug|x86
		{3E05A516-9714-49D1-B2E8-242C586E8E58}.Release|x86.ActiveCfg = Release|x86
		{3E05A516-9714-49D1-B2E8-242C586E8E58}.Release|x86.Build.0 = Release|x86
	EndGlobalSection
	GlobalSection(SolutionProperties) = preSolution
		HideSolutionNode = FALSE
	EndGlobalSection
EndGlobal
