
Microsoft Visual Studio Solution File, Format Version 11.00
# Visual Studio 2010
Project("{FAE04EC0-301F-11D3-BF4B-00C04F79EFBC}") = "SplitAlphabet.cs", "SplitAlphabet.cs\SplitAlphabet.cs.csproj", "{42CB6B4B-2148-4D70-809A-1B7FACB936BD}"
EndProject
Global
	GlobalSection(SolutionConfigurationPlatforms) = preSolution
		Debug|x86 = Debug|x86
		Release|x86 = Release|x86
	EndGlobalSection
	GlobalSection(ProjectConfigurationPlatforms) = postSolution
		{42CB6B4B-2148-4D70-809A-1B7FACB936BD}.Debug|x86.ActiveCfg = Debug|x86
		{42CB6B4B-2148-4D70-809A-1B7FACB936BD}.Debug|x86.Build.0 = Debug|x86
		{42CB6B4B-2148-4D70-809A-1B7FACB936BD}.Release|x86.ActiveCfg = Release|x86
		{42CB6B4B-2148-4D70-809A-1B7FACB936BD}.Release|x86.Build.0 = Release|x86
	EndGlobalSection
	GlobalSection(SolutionProperties) = preSolution
		HideSolutionNode = FALSE
	EndGlobalSection
EndGlobal
