
Microsoft Visual Studio Solution File, Format Version 11.00
# Visual Studio 2010
Project("{FAE04EC0-301F-11D3-BF4B-00C04F79EFBC}") = "UsingSum.cs", "UsingSum.cs\UsingSum.cs.csproj", "{D2CFF4B8-9190-4F9C-A250-CF64474011F1}"
EndProject
Global
	GlobalSection(SolutionConfigurationPlatforms) = preSolution
		Debug|x86 = Debug|x86
		Release|x86 = Release|x86
	EndGlobalSection
	GlobalSection(ProjectConfigurationPlatforms) = postSolution
		{D2CFF4B8-9190-4F9C-A250-CF64474011F1}.Debug|x86.ActiveCfg = Debug|x86
		{D2CFF4B8-9190-4F9C-A250-CF64474011F1}.Debug|x86.Build.0 = Debug|x86
		{D2CFF4B8-9190-4F9C-A250-CF64474011F1}.Release|x86.ActiveCfg = Release|x86
		{D2CFF4B8-9190-4F9C-A250-CF64474011F1}.Release|x86.Build.0 = Release|x86
	EndGlobalSection
	GlobalSection(SolutionProperties) = preSolution
		HideSolutionNode = FALSE
	EndGlobalSection
EndGlobal
